
Microsoft Visual Studio Solution File, Format Version 12.00
# Visual Studio Version 17
VisualStudioVersion = 17.12.35527.113 d17.12
MinimumVisualStudioVersion = 10.0.40219.1
Project("{9A19103F-16F7-4668-BE54-9A1E7A4F7556}") = "CookieCode.DotNetTools", "CookieCode.DotNetTools\CookieCode.DotNetTools.csproj", "{C9C70363-EE8F-4A5A-95F8-57162BD7E7FA}"
EndProject
Project("{2150E333-8FDC-42A3-9474-1A3956D46DE8}") = "Solution Items", "Solution Items", "{6D239A67-70C9-4178-8CA3-FC8CD8E8F913}"
	ProjectSection(SolutionItems) = preProject
		README.md = README.md
	EndProjectSection
EndProject
Project("{FAE04EC0-301F-11D3-BF4B-00C04F79EFBC}") = "MAB.DotIgnore", "MAB.DotIgnore\MAB.DotIgnore.csproj", "{BE83C0F6-3F0D-4F57-8DBF-9E37E92180A2}"
EndProject
Global
	GlobalSection(SolutionConfigurationPlatforms) = preSolution
		Debug|Any CPU = Debug|Any CPU
		Release|Any CPU = Release|Any CPU
	EndGlobalSection
	GlobalSection(ProjectConfigurationPlatforms) = postSolution
		{C9C70363-EE8F-4A5A-95F8-57162BD7E7FA}.Debug|Any CPU.ActiveCfg = Debug|Any CPU
		{C9C70363-EE8F-4A5A-95F8-57162BD7E7FA}.Debug|Any CPU.Build.0 = Debug|Any CPU
		{C9C70363-EE8F-4A5A-95F8-57162BD7E7FA}.Release|Any CPU.ActiveCfg = Release|Any CPU
		{C9C70363-EE8F-4A5A-95F8-57162BD7E7FA}.Release|Any CPU.Build.0 = Release|Any CPU
		{BE83C0F6-3F0D-4F57-8DBF-9E37E92180A2}.Debug|Any CPU.ActiveCfg = Debug|Any CPU
		{BE83C0F6-3F0D-4F57-8DBF-9E37E92180A2}.Debug|Any CPU.Build.0 = Debug|Any CPU
		{BE83C0F6-3F0D-4F57-8DBF-9E37E92180A2}.Release|Any CPU.ActiveCfg = Release|Any CPU
		{BE83C0F6-3F0D-4F57-8DBF-9E37E92180A2}.Release|Any CPU.Build.0 = Release|Any CPU
	EndGlobalSection
	GlobalSection(SolutionProperties) = preSolution
		HideSolutionNode = FALSE
	EndGlobalSection
	GlobalSection(ExtensibilityGlobals) = postSolution
		SolutionGuid = {767242B4-59ED-4A84-B15D-0067F63F51BE}
	EndGlobalSection
EndGlobal
