
Microsoft Visual Studio Solution File, Format Version 12.00
# Visual Studio Version 16
VisualStudioVersion = 16.0.30907.101
MinimumVisualStudioVersion = 10.0.40219.1
Project("{9A19103F-16F7-4668-BE54-9A1E7A4F7556}") = "CookieCode.DotNetTools", "CookieCode.DotNetTools\CookieCode.DotNetTools.csproj", "{C9C70363-EE8F-4A5A-95F8-57162BD7E7FA}"
EndProject
Global
	GlobalSection(SolutionConfigurationPlatforms) = preSolution
		Debug|Any CPU = Debug|Any CPU
		Release|Any CPU = Release|Any CPU
	EndGlobalSection
	GlobalSection(ProjectConfigurationPlatforms) = postSolution
		{C9C70363-EE8F-4A5A-95F8-57162BD7E7FA}.Debug|Any CPU.ActiveCfg = Debug|Any CPU
		{C9C70363-EE8F-4A5A-95F8-57162BD7E7FA}.Debug|Any CPU.Build.0 = Debug|Any CPU
		{C9C70363-EE8F-4A5A-95F8-57162BD7E7FA}.Release|Any CPU.ActiveCfg = Release|Any CPU
		{C9C70363-EE8F-4A5A-95F8-57162BD7E7FA}.Release|Any CPU.Build.0 = Release|Any CPU
	EndGlobalSection
	GlobalSection(SolutionProperties) = preSolution
		HideSolutionNode = FALSE
	EndGlobalSection
	GlobalSection(ExtensibilityGlobals) = postSolution
		SolutionGuid = {767242B4-59ED-4A84-B15D-0067F63F51BE}
	EndGlobalSection
EndGlobal
